
Microsoft Visual Studio Solution File, Format Version 12.00
# Visual Studio Version 17
VisualStudioVersion = 17.5.33530.505
MinimumVisualStudioVersion = 10.0.40219.1
Project("{FAE04EC0-301F-11D3-BF4B-00C04F79EFBC}") = "ChallengeApp", "ChallengeApp\ChallengeApp.csproj", "{68B179A2-5CAB-4E2B-B72A-45C6B9104380}"
EndProject
Global
	GlobalSection(SolutionConfigurationPlatforms) = preSolution
		Debug|Any CPU = Debug|Any CPU
		Release|Any CPU = Release|Any CPU
	EndGlobalSection
	GlobalSection(ProjectConfigurationPlatforms) = postSolution
		{68B179A2-5CAB-4E2B-B72A-45C6B9104380}.Debug|Any CPU.ActiveCfg = Debug|Any CPU
		{68B179A2-5CAB-4E2B-B72A-45C6B9104380}.Debug|Any CPU.Build.0 = Debug|Any CPU
		{68B179A2-5CAB-4E2B-B72A-45C6B9104380}.Release|Any CPU.ActiveCfg = Release|Any CPU
		{68B179A2-5CAB-4E2B-B72A-45C6B9104380}.Release|Any CPU.Build.0 = Release|Any CPU
	EndGlobalSection
	GlobalSection(SolutionProperties) = preSolution
		HideSolutionNode = FALSE
	EndGlobalSection
	GlobalSection(ExtensibilityGlobals) = postSolution
		SolutionGuid = {6414F0F3-2A2E-4AB1-8716-8BD18CE5397C}
	EndGlobalSection
EndGlobal
